
Microsoft Visual Studio Solution File, Format Version 12.00
# Visual Studio Version 16
VisualStudioVersion = 16.0.30114.105
MinimumVisualStudioVersion = 10.0.40219.1
Project("{FAE04EC0-301F-11D3-BF4B-00C04F79EFBC}") = "ChineseConvert", "ChineseConvert.csproj", "{4F3816E2-3999-4805-A00C-1E2F080F6003}"
EndProject
Global
	GlobalSection(SolutionConfigurationPlatforms) = preSolution
		Debug|Any CPU = Debug|Any CPU
		Release|Any CPU = Release|Any CPU
	EndGlobalSection
	GlobalSection(ProjectConfigurationPlatforms) = postSolution
		{4F3816E2-3999-4805-A00C-1E2F080F6003}.Debug|Any CPU.ActiveCfg = Debug|Any CPU
		{4F3816E2-3999-4805-A00C-1E2F080F6003}.Debug|Any CPU.Build.0 = Debug|Any CPU
		{4F3816E2-3999-4805-A00C-1E2F080F6003}.Release|Any CPU.ActiveCfg = Release|Any CPU
		{4F3816E2-3999-4805-A00C-1E2F080F6003}.Release|Any CPU.Build.0 = Release|Any CPU
	EndGlobalSection
	GlobalSection(SolutionProperties) = preSolution
		HideSolutionNode = FALSE
	EndGlobalSection
	GlobalSection(ExtensibilityGlobals) = postSolution
		SolutionGuid = {0C1E231E-8E62-4E6D-A6F3-EF93B3F7A407}
	EndGlobalSection
EndGlobal
